github.com/go-sql-driver/mysql v1.7.1 h1:lUIinVbN1DY0xBg0eMOzmmtGoHwWBbvnWubQUrtU8EI=
github.com/go-sql-driver/mysql v1.7.1/go.mod h1:OXbVy3sEdcQ2Doequ6Z5BW6fXNQTmx+9S1MCJN5yJMI=
github.com/gorilla/mux v1.8.1 h1:TuBL49tXwgrFYWhqrNgrUNEY92u81SPhu7sTdzQEiWY=
github.com/gorilla/mux v1.8.1/go.mod h1:AKf9I4AEqPTmMytcMc0KkNouC66V3BtZ4qD5fmWSiMQ=
gopkg.in/mcuadros/go-syslog.v2 v2.3.0 h1:kcsiS+WsTKyIEPABJBJtoG0KkOS6yzvJ+/eZlhD79kk=
gopkg.in/mcuadros/go-syslog.v2 v2.3.0/go.mod h1:l5LPIyOOyIdQquNg+oU6Z3524YwrcqEm0aKH+5zpt2U=
